{
  "name": "mini-gpt",
  "lockfileVersion": 3,
  "requires": true,
  "packages": {
    "": {
      "name": "mini-gpt",
      "dependencies": {
        "@mni-ml/framework": "file:./framework"
      },
      "engines": {
        "node": ">=22.18.0"
      }
    },
    "framework": {
      "name": "@mni-ml/framework",
      "version": "0.3.1",
      "license": "MIT",
      "devDependencies": {
        "@types/node": "^22.0.0",
        "typescript": "^5.9.3"
      },
      "engines": {
        "node": ">=22.18.0"
      },
      "optionalDependencies": {
        "@mni-ml/framework-darwin-arm64": "0.3.1",
        "@mni-ml/framework-darwin-arm64-webgpu": "0.3.1",
        "@mni-ml/framework-darwin-x64": "0.3.1",
        "@mni-ml/framework-darwin-x64-webgpu": "0.3.1",
        "@mni-ml/framework-linux-arm64-gnu": "0.3.1",
        "@mni-ml/framework-linux-x64-gnu": "0.3.1",
        "@mni-ml/framework-linux-x64-gnu-cuda": "0.3.1",
        "@mni-ml/framework-linux-x64-gnu-webgpu": "0.3.1",
        "@mni-ml/framework-win32-x64-msvc": "0.3.1",
        "@mni-ml/framework-win32-x64-msvc-cuda": "0.3.1",
        "@mni-ml/framework-win32-x64-msvc-webgpu": "0.3.1"
      }
    },
    "node_modules/@mni-ml/framework": {
      "resolved": "framework",
      "link": true
    },
    "node_modules/@mni-ml/framework-darwin-arm64": {
      "version": "0.3.1",
      "resolved": "https://registry.npmjs.org/@mni-ml/framework-darwin-arm64/-/framework-darwin-arm64-0.3.1.tgz",
      "integrity": "sha512-FdTk97GQEXwpyK4kC28ERDTb28LsRe99z48dd3gkmAi3fHsacT3W+xasbDOOHqZXygvmUNdRcSFOnFUDQLKw0g==",
      "cpu": [
        "arm64"
      ],
      "license": "MIT",
      "optional": true,
      "os": [
        "darwin"
      ]
    },
    "node_modules/@mni-ml/framework-darwin-arm64-webgpu": {
      "version": "0.3.1",
      "resolved": "https://registry.npmjs.org/@mni-ml/framework-darwin-arm64-webgpu/-/framework-darwin-arm64-webgpu-0.3.1.tgz",
      "integrity": "sha512-U2CGQLb844uv0jfYzrJp1JPPeZoHU321DGIW2q+PLJbyBcHEM6zZdU8eztkHN+znu8m5HNnUXIMZvdNj8ze3nw==",
      "cpu": [
        "arm64"
      ],
      "license": "MIT",
      "optional": true,
      "os": [
        "darwin"
      ]
    },
    "node_modules/@mni-ml/framework-darwin-x64": {
      "version": "0.3.1",
      "resolved": "https://registry.npmjs.org/@mni-ml/framework-darwin-x64/-/framework-darwin-x64-0.3.1.tgz",
      "integrity": "sha512-ZVbuFJUbXtDZ+i3J1VkT8HtFB4bkOAClAuLHkGFl2zSC2DV1F62c+OFAYvvT6d3qpGbYW/XEDP3T+M6UNBpgGw==",
      "cpu": [
        "x64"
      ],
      "license": "MIT",
      "optional": true,
      "os": [
        "darwin"
      ]
    },
    "node_modules/@mni-ml/framework-darwin-x64-webgpu": {
      "version": "0.3.1",
      "resolved": "https://registry.npmjs.org/@mni-ml/framework-darwin-x64-webgpu/-/framework-darwin-x64-webgpu-0.3.1.tgz",
      "integrity": "sha512-pAqCzdohURJYouNd7C3bA5Or6XjC1Z68zAyXJOruNW3FdwInNXIRD8sp5O15WAodwZuEIxouaQwG4HSAs7iQuw==",
      "cpu": [
        "x64"
      ],
      "license": "MIT",
      "optional": true,
      "os": [
        "darwin"
      ]
    },
    "node_modules/@mni-ml/framework-linux-arm64-gnu": {
      "version": "0.3.1",
      "resolved": "https://registry.npmjs.org/@mni-ml/framework-linux-arm64-gnu/-/framework-linux-arm64-gnu-0.3.1.tgz",
      "integrity": "sha512-blhGI23BoOyek6wiNX4or4pcg893PtQPzN18ALnWnadfcEDaMKymT9Vy3+84rxB98+M1ClZhih6AjcoZp5ZdRw==",
      "cpu": [
        "arm64"
      ],
      "license": "MIT",
      "optional": true,
      "os": [
        "linux"
      ]
    },
    "node_modules/@mni-ml/framework-linux-x64-gnu": {
      "version": "0.3.1",
      "resolved": "https://registry.npmjs.org/@mni-ml/framework-linux-x64-gnu/-/framework-linux-x64-gnu-0.3.1.tgz",
      "integrity": "sha512-YySKWPauqMvLVJp4QjCAziBSaZK0gzGc8agwCI/wX60+VY6rI3WVmHChi/cIEfUsKccaawE/9W8D9pzehRVXHQ==",
      "cpu": [
        "x64"
      ],
      "license": "MIT",
      "optional": true,
      "os": [
        "linux"
      ]
    },
    "node_modules/@mni-ml/framework-linux-x64-gnu-cuda": {
      "version": "0.3.1",
      "resolved": "https://registry.npmjs.org/@mni-ml/framework-linux-x64-gnu-cuda/-/framework-linux-x64-gnu-cuda-0.3.1.tgz",
      "integrity": "sha512-yW1Nd5R7eqVPTeLEdXfJeg4e75guChSu2D/TckdW8Oje6oqnfhEf7JeGbRJ33jS75a+IaF83etAtBhPTrOA8AA==",
      "cpu": [
        "x64"
      ],
      "license": "MIT",
      "optional": true,
      "os": [
        "linux"
      ]
    },
    "node_modules/@mni-ml/framework-linux-x64-gnu-webgpu": {
      "version": "0.3.1",
      "resolved": "https://registry.npmjs.org/@mni-ml/framework-linux-x64-gnu-webgpu/-/framework-linux-x64-gnu-webgpu-0.3.1.tgz",
      "integrity": "sha512-RIFSgKVa63h2v4NPumSrQa8dROlvcVbuhXYA//vuxhKssocSQWHH3WeCMlA80X8k+LlzTeb/YDQI4d3aZWQEFQ==",
      "cpu": [
        "x64"
      ],
      "license": "MIT",
      "optional": true,
      "os": [
        "linux"
      ]
    },
    "node_modules/@mni-ml/framework-win32-x64-msvc": {
      "version": "0.3.1",
      "resolved": "https://registry.npmjs.org/@mni-ml/framework-win32-x64-msvc/-/framework-win32-x64-msvc-0.3.1.tgz",
      "integrity": "sha512-n5THgf3cJIdRld48ecAiAFAx21YCT9bo5zKNdNnkb5xHTTi9IF2SZduHZL3TKTKz52J+AFZsYoESqtWtRd9DgA==",
      "cpu": [
        "x64"
      ],
      "license": "MIT",
      "optional": true,
      "os": [
        "win32"
      ]
    },
    "node_modules/@mni-ml/framework-win32-x64-msvc-cuda": {
      "version": "0.3.1",
      "resolved": "https://registry.npmjs.org/@mni-ml/framework-win32-x64-msvc-cuda/-/framework-win32-x64-msvc-cuda-0.3.1.tgz",
      "integrity": "sha512-Pb9jWoZo4ocTtYyMS7bfvcFiXNRuhnYGc6rY3nfyRy01sLPbMurS9uYys+cyIbaM7xQl3/SnttBY0RbEqK0ztg==",
      "cpu": [
        "x64"
      ],
      "license": "MIT",
      "optional": true,
      "os": [
        "win32"
      ]
    },
    "node_modules/@mni-ml/framework-win32-x64-msvc-webgpu": {
      "version": "0.3.1",
      "resolved": "https://registry.npmjs.org/@mni-ml/framework-win32-x64-msvc-webgpu/-/framework-win32-x64-msvc-webgpu-0.3.1.tgz",
      "integrity": "sha512-eztnCED54Y4fy0KioovtleqwwFq613x8Z/wAcLTjsvT8Xl+O2aL9jUfECtPbQeRS0obGBcmgfSwHMMs/KNPrcA==",
      "cpu": [
        "x64"
      ],
      "license": "MIT",
      "optional": true,
      "os": [
        "win32"
      ]
    },
    "node_modules/@types/node": {
      "version": "22.19.17",
      "resolved": "https://registry.npmjs.org/@types/node/-/node-22.19.17.tgz",
      "integrity": "sha512-wGdMcf+vPYM6jikpS/qhg6WiqSV/OhG+jeeHT/KlVqxYfD40iYJf9/AE1uQxVWFvU7MipKRkRv8NSHiCGgPr8Q==",
      "dev": true,
      "license": "MIT",
      "dependencies": {
        "undici-types": "~6.21.0"
      }
    },
    "node_modules/typescript": {
      "version": "5.9.3",
      "resolved": "https://registry.npmjs.org/typescript/-/typescript-5.9.3.tgz",
      "integrity": "sha512-jl1vZzPDinLr9eUt3J/t7V6FgNEw9QjvBPdysz9KfQDD41fQrC2Y4vKQdiaUpFT4bXlb1RHhLpp8wtm6M5TgSw==",
      "dev": true,
      "license": "Apache-2.0",
      "bin": {
        "tsc": "bin/tsc",
        "tsserver": "bin/tsserver"
      },
      "engines": {
        "node": ">=14.17"
      }
    },
    "node_modules/undici-types": {
      "version": "6.21.0",
      "resolved": "https://registry.npmjs.org/undici-types/-/undici-types-6.21.0.tgz",
      "integrity": "sha512-iwDZqg0QAGrg9Rav5H4n0M64c3mkR59cJ6wQp+7C4nI0gsmExaedaYLNO44eT4AtBBwjbTiGPMlt2Md0T9H9JQ==",
      "dev": true,
      "license": "MIT"
    }
  }
}
