{
  "name": "mini-gpt",
  "lockfileVersion": 3,
  "requires": true,
  "packages": {
    "": {
      "name": "mini-gpt",
      "dependencies": {
        "@mni-ml/framework": "^0.3.4"
      }
    },
    "node_modules/@mni-ml/framework": {
      "version": "0.3.4",
      "resolved": "https://registry.npmjs.org/@mni-ml/framework/-/framework-0.3.4.tgz",
      "integrity": "sha512-MmFQ2XTnwVyEgzb0DAJwFL0Tu3AXGexvobFZ6lQRVQL6QS5lJ4YVvAzU+8OB+UFfVNa1PbQbyZY8uLWOD+QC5g==",
      "license": "MIT",
      "engines": {
        "node": ">=22.18.0"
      },
      "optionalDependencies": {
        "@mni-ml/framework-darwin-arm64": "0.3.4",
        "@mni-ml/framework-darwin-arm64-webgpu": "0.3.4",
        "@mni-ml/framework-darwin-x64": "0.3.4",
        "@mni-ml/framework-darwin-x64-webgpu": "0.3.4",
        "@mni-ml/framework-linux-arm64-gnu": "0.3.4",
        "@mni-ml/framework-linux-x64-gnu": "0.3.4",
        "@mni-ml/framework-linux-x64-gnu-cuda": "0.3.4",
        "@mni-ml/framework-linux-x64-gnu-webgpu": "0.3.4",
        "@mni-ml/framework-win32-x64-msvc": "0.3.4",
        "@mni-ml/framework-win32-x64-msvc-cuda": "0.3.4",
        "@mni-ml/framework-win32-x64-msvc-webgpu": "0.3.4"
      }
    },
    "node_modules/@mni-ml/framework-darwin-arm64": {
      "version": "0.3.4",
      "resolved": "https://registry.npmjs.org/@mni-ml/framework-darwin-arm64/-/framework-darwin-arm64-0.3.4.tgz",
      "integrity": "sha512-HjZ1r0b7d17ppRiONai8pCm6UWDwqaitiBJ1kY4jU/DHpapxSGVyJ517D23gN1Q5SM6fOPtnMqEX7Y+vJZhjXA==",
      "cpu": [
        "arm64"
      ],
      "license": "MIT",
      "optional": true,
      "os": [
        "darwin"
      ]
    },
    "node_modules/@mni-ml/framework-darwin-arm64-webgpu": {
      "version": "0.3.4",
      "resolved": "https://registry.npmjs.org/@mni-ml/framework-darwin-arm64-webgpu/-/framework-darwin-arm64-webgpu-0.3.4.tgz",
      "integrity": "sha512-NRUDLWfNVakZlkcYJZh0064q+ChhNOdfSGr/UsP2c1w/IkMwDAUbwJsHn+YYx1JK2evbUGBDEkI2NbltL2+odg==",
      "cpu": [
        "arm64"
      ],
      "license": "MIT",
      "optional": true,
      "os": [
        "darwin"
      ]
    },
    "node_modules/@mni-ml/framework-darwin-x64": {
      "version": "0.3.4",
      "resolved": "https://registry.npmjs.org/@mni-ml/framework-darwin-x64/-/framework-darwin-x64-0.3.4.tgz",
      "integrity": "sha512-smciHBUDB6FZP74OjHoaabHBi0uNT7FaCbVMCCkCCVPltEwUTwY7pp4zE66QvBG8b5uvSOioopBWukmf7a9ORg==",
      "cpu": [
        "x64"
      ],
      "license": "MIT",
      "optional": true,
      "os": [
        "darwin"
      ]
    },
    "node_modules/@mni-ml/framework-darwin-x64-webgpu": {
      "version": "0.3.4",
      "resolved": "https://registry.npmjs.org/@mni-ml/framework-darwin-x64-webgpu/-/framework-darwin-x64-webgpu-0.3.4.tgz",
      "integrity": "sha512-ZF8wo+6L/ivF4OGPeq3iCUh8eyw+HgAvAWyuql2/sjnonHcSa5NE82bpWNCYsFbDABSqGTYoTiL0Pip9ajGS5A==",
      "cpu": [
        "x64"
      ],
      "license": "MIT",
      "optional": true,
      "os": [
        "darwin"
      ]
    },
    "node_modules/@mni-ml/framework-linux-arm64-gnu": {
      "version": "0.3.4",
      "resolved": "https://registry.npmjs.org/@mni-ml/framework-linux-arm64-gnu/-/framework-linux-arm64-gnu-0.3.4.tgz",
      "integrity": "sha512-Q4J3Tu3L0gFx6ltvXMfHbRbVNvqGNMfmtjWx626pXevq3o/gRzZxktW/gaFheN6xWQPDk15WjvN0epDGg0Ryfw==",
      "cpu": [
        "arm64"
      ],
      "license": "MIT",
      "optional": true,
      "os": [
        "linux"
      ]
    },
    "node_modules/@mni-ml/framework-linux-x64-gnu": {
      "version": "0.3.4",
      "resolved": "https://registry.npmjs.org/@mni-ml/framework-linux-x64-gnu/-/framework-linux-x64-gnu-0.3.4.tgz",
      "integrity": "sha512-aiLGcWEXpkHxF2lyn2fR13m5aWaFUyekOz1oVSmCLGA1JYGSpSzqlp3Xbi296OR5vAdChXmJjvkqYmf7Y2MFVw==",
      "cpu": [
        "x64"
      ],
      "license": "MIT",
      "optional": true,
      "os": [
        "linux"
      ]
    },
    "node_modules/@mni-ml/framework-linux-x64-gnu-cuda": {
      "version": "0.3.4",
      "resolved": "https://registry.npmjs.org/@mni-ml/framework-linux-x64-gnu-cuda/-/framework-linux-x64-gnu-cuda-0.3.4.tgz",
      "integrity": "sha512-RQOSmHuMzz+PFEQbIEaw6upN8W2Y9vKM5LonYagGqaSQW1BsDtCKb27ybmv5acWALbeL/cvok/Ol+WB37bxu9g==",
      "cpu": [
        "x64"
      ],
      "license": "MIT",
      "optional": true,
      "os": [
        "linux"
      ]
    },
    "node_modules/@mni-ml/framework-linux-x64-gnu-webgpu": {
      "version": "0.3.4",
      "resolved": "https://registry.npmjs.org/@mni-ml/framework-linux-x64-gnu-webgpu/-/framework-linux-x64-gnu-webgpu-0.3.4.tgz",
      "integrity": "sha512-Z1IMoq8wl46N5O6kA3dnHtfsuXa3EL/D7NFUZ7iaahNMfKFDRy2Q2IM2At/q5VCzI4Rrhi8h33ErKjdgera9sw==",
      "cpu": [
        "x64"
      ],
      "license": "MIT",
      "optional": true,
      "os": [
        "linux"
      ]
    },
    "node_modules/@mni-ml/framework-win32-x64-msvc": {
      "version": "0.3.4",
      "resolved": "https://registry.npmjs.org/@mni-ml/framework-win32-x64-msvc/-/framework-win32-x64-msvc-0.3.4.tgz",
      "integrity": "sha512-5Ms/u8K7YNeH+DwbDuS1XhGpNtoL346GwYC2VUcN7B9b/+bQofU2eTjtDyGLgm8XO5BnDmSdNWX9V3jGo69NAg==",
      "cpu": [
        "x64"
      ],
      "license": "MIT",
      "optional": true,
      "os": [
        "win32"
      ]
    },
    "node_modules/@mni-ml/framework-win32-x64-msvc-cuda": {
      "version": "0.3.4",
      "resolved": "https://registry.npmjs.org/@mni-ml/framework-win32-x64-msvc-cuda/-/framework-win32-x64-msvc-cuda-0.3.4.tgz",
      "integrity": "sha512-0bm/QEsOJ0V9majVXUHLn719EYsnQaqns/EcLpchdTMDRTEvjEAU7xbqCOdhPljEzfVsQs0bch8C4LHzzBNQzg==",
      "cpu": [
        "x64"
      ],
      "license": "MIT",
      "optional": true,
      "os": [
        "win32"
      ]
    },
    "node_modules/@mni-ml/framework-win32-x64-msvc-webgpu": {
      "version": "0.3.4",
      "resolved": "https://registry.npmjs.org/@mni-ml/framework-win32-x64-msvc-webgpu/-/framework-win32-x64-msvc-webgpu-0.3.4.tgz",
      "integrity": "sha512-HBE8/i7tcEbb2XdoFUv6OFiyMgCRUKyW4TjWCrdS6VlOiW9H3YuGBoplwYIqNvsLBYV4PcrKMnphoOQ3266q6Q==",
      "cpu": [
        "x64"
      ],
      "license": "MIT",
      "optional": true,
      "os": [
        "win32"
      ]
    }
  }
}
